
Microsoft Visual Studio Solution File, Format Version 12.00
# Visual Studio Version 16
VisualStudioVersion = 16.0.30011.22
MinimumVisualStudioVersion = 10.0.40219.1
Project("{9A19103F-16F7-4668-BE54-9A1E7A4F7556}") = "MLApp", "MLApp\MLApp.csproj", "{F009194F-FF65-4506-A061-49C901F8F5F2}"
EndProject
Project("{9A19103F-16F7-4668-BE54-9A1E7A4F7556}") = "MLAppML.Model", "MLAppML.Model\MLAppML.Model.csproj", "{910116CB-561A-4AB0-A7CA-8F9FE8CA5CDE}"
EndProject
Project("{9A19103F-16F7-4668-BE54-9A1E7A4F7556}") = "MLAppML.ConsoleApp", "MLAppML.ConsoleApp\MLAppML.ConsoleApp.csproj", "{D65A86CE-927B-403A-A872-C6D71FEB7DF3}"
EndProject
Global
	GlobalSection(SolutionConfigurationPlatforms) = preSolution
		Debug|Any CPU = Debug|Any CPU
		Release|Any CPU = Release|Any CPU
	EndGlobalSection
	GlobalSection(ProjectConfigurationPlatforms) = postSolution
		{F009194F-FF65-4506-A061-49C901F8F5F2}.Debug|Any CPU.ActiveCfg = Debug|Any CPU
		{F009194F-FF65-4506-A061-49C901F8F5F2}.Debug|Any CPU.Build.0 = Debug|Any CPU
		{F009194F-FF65-4506-A061-49C901F8F5F2}.Release|Any CPU.ActiveCfg = Release|Any CPU
		{F009194F-FF65-4506-A061-49C901F8F5F2}.Release|Any CPU.Build.0 = Release|Any CPU
		{910116CB-561A-4AB0-A7CA-8F9FE8CA5CDE}.Debug|Any CPU.ActiveCfg = Debug|Any CPU
		{910116CB-561A-4AB0-A7CA-8F9FE8CA5CDE}.Debug|Any CPU.Build.0 = Debug|Any CPU
		{910116CB-561A-4AB0-A7CA-8F9FE8CA5CDE}.Release|Any CPU.ActiveCfg = Release|Any CPU
		{910116CB-561A-4AB0-A7CA-8F9FE8CA5CDE}.Release|Any CPU.Build.0 = Release|Any CPU
		{D65A86CE-927B-403A-A872-C6D71FEB7DF3}.Debug|Any CPU.ActiveCfg = Debug|Any CPU
		{D65A86CE-927B-403A-A872-C6D71FEB7DF3}.Debug|Any CPU.Build.0 = Debug|Any CPU
		{D65A86CE-927B-403A-A872-C6D71FEB7DF3}.Release|Any CPU.ActiveCfg = Release|Any CPU
		{D65A86CE-927B-403A-A872-C6D71FEB7DF3}.Release|Any CPU.Build.0 = Release|Any CPU
	EndGlobalSection
	GlobalSection(SolutionProperties) = preSolution
		HideSolutionNode = FALSE
	EndGlobalSection
	GlobalSection(ExtensibilityGlobals) = postSolution
		SolutionGuid = {30C471CF-9F27-4EE2-A159-093AEDC0AED7}
	EndGlobalSection
EndGlobal
